
Microsoft Visual Studio Solution File, Format Version 12.00
# Visual Studio 2012
Project("{FAE04EC0-301F-11D3-BF4B-00C04F79EFBC}") = "Goodstub.Common", "Goodstub.Common\Goodstub.Common.csproj", "{4A7172A2-F45F-4F5A-A911-B860226DE380}"
EndProject
Project("{FAE04EC0-301F-11D3-BF4B-00C04F79EFBC}") = "Goodstub.Domain", "Goodstub.Domain\Goodstub.Domain.csproj", "{189B943A-A3BC-42DE-8FF3-13C7EE4D3D98}"
EndProject
Project("{FAE04EC0-301F-11D3-BF4B-00C04F79EFBC}") = "Goodstub.Repository", "Goodstub.Repository\Goodstub.Repository.csproj", "{4EE5C17C-2898-437C-B334-17DDF59376DA}"
EndProject
Project("{FAE04EC0-301F-11D3-BF4B-00C04F79EFBC}") = "Goodstub.Service", "Goodstub.Service\Goodstub.Service.csproj", "{6FB193A0-11D3-40E1-B736-2BBEA985A426}"
EndProject
Project("{FAE04EC0-301F-11D3-BF4B-00C04F79EFBC}") = "Goodstub.Web", "Goodstub.Web\Goodstub.Web.csproj", "{CD05FED5-6434-4BEB-8ACE-99A4B6491DDB}"
EndProject
Project("{FAE04EC0-301F-11D3-BF4B-00C04F79EFBC}") = "Goodstub.Web.Common", "Goodstub.Web.Common\Goodstub.Web.Common.csproj", "{4DBCDF93-CB82-44D5-9672-9306F6303296}"
EndProject
Project("{FAE04EC0-301F-11D3-BF4B-00C04F79EFBC}") = "Goodstub.Resources", "Goodstub.Resources\Goodstub.Resources.csproj", "{D4FA8EEC-827D-41A6-8BB0-B117370D54A9}"
EndProject
Global
	GlobalSection(SolutionConfigurationPlatforms) = preSolution
		Debug|Any CPU = Debug|Any CPU
		Release|Any CPU = Release|Any CPU
	EndGlobalSection
	GlobalSection(ProjectConfigurationPlatforms) = postSolution
		{4A7172A2-F45F-4F5A-A911-B860226DE380}.Debug|Any CPU.ActiveCfg = Debug|Any CPU
		{4A7172A2-F45F-4F5A-A911-B860226DE380}.Debug|Any CPU.Build.0 = Debug|Any CPU
		{4A7172A2-F45F-4F5A-A911-B860226DE380}.Release|Any CPU.ActiveCfg = Release|Any CPU
		{4A7172A2-F45F-4F5A-A911-B860226DE380}.Release|Any CPU.Build.0 = Release|Any CPU
		{189B943A-A3BC-42DE-8FF3-13C7EE4D3D98}.Debug|Any CPU.ActiveCfg = Debug|Any CPU
		{189B943A-A3BC-42DE-8FF3-13C7EE4D3D98}.Debug|Any CPU.Build.0 = Debug|Any CPU
		{189B943A-A3BC-42DE-8FF3-13C7EE4D3D98}.Release|Any CPU.ActiveCfg = Release|Any CPU
		{189B943A-A3BC-42DE-8FF3-13C7EE4D3D98}.Release|Any CPU.Build.0 = Release|Any CPU
		{4EE5C17C-2898-437C-B334-17DDF59376DA}.Debug|Any CPU.ActiveCfg = Debug|Any CPU
		{4EE5C17C-2898-437C-B334-17DDF59376DA}.Debug|Any CPU.Build.0 = Debug|Any CPU
		{4EE5C17C-2898-437C-B334-17DDF59376DA}.Release|Any CPU.ActiveCfg = Release|Any CPU
		{4EE5C17C-2898-437C-B334-17DDF59376DA}.Release|Any CPU.Build.0 = Release|Any CPU
		{6FB193A0-11D3-40E1-B736-2BBEA985A426}.Debug|Any CPU.ActiveCfg = Debug|Any CPU
		{6FB193A0-11D3-40E1-B736-2BBEA985A426}.Debug|Any CPU.Build.0 = Debug|Any CPU
		{6FB193A0-11D3-40E1-B736-2BBEA985A426}.Release|Any CPU.ActiveCfg = Release|Any CPU
		{6FB193A0-11D3-40E1-B736-2BBEA985A426}.Release|Any CPU.Build.0 = Release|Any CPU
		{CD05FED5-6434-4BEB-8ACE-99A4B6491DDB}.Debug|Any CPU.ActiveCfg = Debug|Any CPU
		{CD05FED5-6434-4BEB-8ACE-99A4B6491DDB}.Debug|Any CPU.Build.0 = Debug|Any CPU
		{CD05FED5-6434-4BEB-8ACE-99A4B6491DDB}.Release|Any CPU.ActiveCfg = Release|Any CPU
		{CD05FED5-6434-4BEB-8ACE-99A4B6491DDB}.Release|Any CPU.Build.0 = Release|Any CPU
		{4DBCDF93-CB82-44D5-9672-9306F6303296}.Debug|Any CPU.ActiveCfg = Debug|Any CPU
		{4DBCDF93-CB82-44D5-9672-9306F6303296}.Debug|Any CPU.Build.0 = Debug|Any CPU
		{4DBCDF93-CB82-44D5-9672-9306F6303296}.Release|Any CPU.ActiveCfg = Release|Any CPU
		{4DBCDF93-CB82-44D5-9672-9306F6303296}.Release|Any CPU.Build.0 = Release|Any CPU
		{D4FA8EEC-827D-41A6-8BB0-B117370D54A9}.Debug|Any CPU.ActiveCfg = Debug|Any CPU
		{D4FA8EEC-827D-41A6-8BB0-B117370D54A9}.Debug|Any CPU.Build.0 = Debug|Any CPU
		{D4FA8EEC-827D-41A6-8BB0-B117370D54A9}.Release|Any CPU.ActiveCfg = Release|Any CPU
		{D4FA8EEC-827D-41A6-8BB0-B117370D54A9}.Release|Any CPU.Build.0 = Release|Any CPU
	EndGlobalSection
	GlobalSection(SolutionProperties) = preSolution
		HideSolutionNode = FALSE
	EndGlobalSection
EndGlobal
